{
  "name": "eventbot",
  "lockfileVersion": 2,
  "requires": true,
  "packages": {
    "": {
      "dependencies": {
        "@types/node": "^16.11.11",
        "data-store": "^4.0.3",
        "fs": "^0.0.1-security",
        "markdown-escape": "^1.1.0",
        "node-ical": "^0.14.1",
        "yaml": "^1.10.2"
      },
      "devDependencies": {
        "@types/markdown-escape": "^1.1.0"
      }
    },
    "node_modules/@types/markdown-escape": {
      "version": "1.1.0",
      "resolved": "https://registry.npmjs.org/@types/markdown-escape/-/markdown-escape-1.1.0.tgz",
      "integrity": "sha512-bJZh73L6fSt8MmTON/btR8hiKRipoIoPfLO41lxr6l65QXdG1rwUjR8Hu5xU7XYHBwKHiJZ+sTQ8L2TKkQrBpw==",
      "dev": true
    },
    "node_modules/@types/node": {
      "version": "16.11.11",
      "resolved": "https://registry.npmjs.org/@types/node/-/node-16.11.11.tgz",
      "integrity": "sha512-KB0sixD67CeecHC33MYn+eYARkqTheIRNuu97y2XMjR7Wu3XibO1vaY6VBV6O/a89SPI81cEUIYT87UqUWlZNw=="
    },
    "node_modules/axios": {
      "version": "0.24.0",
      "resolved": "https://registry.npmjs.org/axios/-/axios-0.24.0.tgz",
      "integrity": "sha512-Q6cWsys88HoPgAaFAVUb0WpPk0O8iTeisR9IMqy9G8AbO4NlpVknrnQS03zzF9PGAWgO3cgletO3VjV/P7VztA==",
      "dependencies": {
        "follow-redirects": "^1.14.4"
      }
    },
    "node_modules/data-store": {
      "version": "4.0.3",
      "resolved": "https://registry.npmjs.org/data-store/-/data-store-4.0.3.tgz",
      "integrity": "sha512-AhPSqGVCSrFgi1PtkOLxYRrVhzbsma/drtxNkwTrT2q+LpLTG3AhOW74O/IMRy1cWftBx93SuLLKF19YsKkUMg==",
      "dependencies": {
        "get-value": "^3.0.1",
        "set-value": "^3.0.1"
      },
      "engines": {
        "node": ">=8"
      }
    },
    "node_modules/follow-redirects": {
      "version": "1.14.5",
      "resolved": "https://registry.npmjs.org/follow-redirects/-/follow-redirects-1.14.5.tgz",
      "integrity": "sha512-wtphSXy7d4/OR+MvIFbCVBDzZ5520qV8XfPklSN5QtxuMUJZ+b0Wnst1e1lCDocfzuCkHqj8k0FpZqO+UIaKNA==",
      "funding": [
        {
          "type": "individual",
          "url": "https://github.com/sponsors/RubenVerborgh"
        }
      ],
      "engines": {
        "node": ">=4.0"
      },
      "peerDependenciesMeta": {
        "debug": {
          "optional": true
        }
      }
    },
    "node_modules/fs": {
      "version": "0.0.1-security",
      "resolved": "https://registry.npmjs.org/fs/-/fs-0.0.1-security.tgz",
      "integrity": "sha1-invTcYa23d84E/I4WLV+yq9eQdQ="
    },
    "node_modules/get-value": {
      "version": "3.0.1",
      "resolved": "https://registry.npmjs.org/get-value/-/get-value-3.0.1.tgz",
      "integrity": "sha512-mKZj9JLQrwMBtj5wxi6MH8Z5eSKaERpAwjg43dPtlGI1ZVEgH/qC7T8/6R2OBSUA+zzHBZgICsVJaEIV2tKTDA==",
      "dependencies": {
        "isobject": "^3.0.1"
      },
      "engines": {
        "node": ">=6.0"
      }
    },
    "node_modules/is-plain-object": {
      "version": "2.0.4",
      "resolved": "https://registry.npmjs.org/is-plain-object/-/is-plain-object-2.0.4.tgz",
      "integrity": "sha512-h5PpgXkWitc38BBMYawTYMWJHFZJVnBquFE57xFpjB8pJFiF6gZ+bU+WyI/yqXiFR5mdLsgYNaPe8uao6Uv9Og==",
      "dependencies": {
        "isobject": "^3.0.1"
      },
      "engines": {
        "node": ">=0.10.0"
      }
    },
    "node_modules/isobject": {
      "version": "3.0.1",
      "resolved": "https://registry.npmjs.org/isobject/-/isobject-3.0.1.tgz",
      "integrity": "sha1-TkMekrEalzFjaqH5yNHMvP2reN8=",
      "engines": {
        "node": ">=0.10.0"
      }
    },
    "node_modules/luxon": {
      "version": "1.28.0",
      "resolved": "https://registry.npmjs.org/luxon/-/luxon-1.28.0.tgz",
      "integrity": "sha512-TfTiyvZhwBYM/7QdAVDh+7dBTBA29v4ik0Ce9zda3Mnf8on1S5KJI8P2jKFZ8+5C0jhmr0KwJEO/Wdpm0VeWJQ==",
      "optional": true,
      "engines": {
        "node": "*"
      }
    },
    "node_modules/markdown-escape": {
      "version": "1.1.0",
      "resolved": "https://registry.npmjs.org/markdown-escape/-/markdown-escape-1.1.0.tgz",
      "integrity": "sha512-f1+ARFbzLrBdC0Lj30uREn+zthrK/h1PO5UhN5IMDQvI2lSFn+8U06a5LHaxxYMhHD0mJoJ2BROJ/Sju5aw6+g=="
    },
    "node_modules/moment": {
      "version": "2.29.1",
      "resolved": "https://registry.npmjs.org/moment/-/moment-2.29.1.tgz",
      "integrity": "sha512-kHmoybcPV8Sqy59DwNDY3Jefr64lK/by/da0ViFcuA4DH0vQg5Q6Ze5VimxkfQNSC+Mls/Kx53s7TjP1RhFEDQ==",
      "engines": {
        "node": "*"
      }
    },
    "node_modules/moment-timezone": {
      "version": "0.5.34",
      "resolved": "https://registry.npmjs.org/moment-timezone/-/moment-timezone-0.5.34.tgz",
      "integrity": "sha512-3zAEHh2hKUs3EXLESx/wsgw6IQdusOT8Bxm3D9UrHPQR7zlMmzwybC8zHEM1tQ4LJwP7fcxrWr8tuBg05fFCbg==",
      "dependencies": {
        "moment": ">= 2.9.0"
      },
      "engines": {
        "node": "*"
      }
    },
    "node_modules/node-ical": {
      "version": "0.14.1",
      "resolved": "https://registry.npmjs.org/node-ical/-/node-ical-0.14.1.tgz",
      "integrity": "sha512-EUlbAWK0iaKFqimtGCyKOnldtvBNyzLqk9NCTAO6TiVby8vsEcAOlIrkUjZKM0Wrvh3YBCbeWbW+xA2cw5BdDw==",
      "dependencies": {
        "axios": "^0.24.0",
        "moment-timezone": "^0.5.31",
        "rrule": "2.6.4",
        "uuid": "^8.3.1"
      }
    },
    "node_modules/rrule": {
      "version": "2.6.4",
      "resolved": "https://registry.npmjs.org/rrule/-/rrule-2.6.4.tgz",
      "integrity": "sha512-sLdnh4lmjUqq8liFiOUXD5kWp/FcnbDLPwq5YAc/RrN6120XOPb86Ae5zxF7ttBVq8O3LxjjORMEit1baluahA==",
      "dependencies": {
        "tslib": "^1.10.0"
      },
      "optionalDependencies": {
        "luxon": "^1.21.3"
      }
    },
    "node_modules/set-value": {
      "version": "3.0.2",
      "resolved": "https://registry.npmjs.org/set-value/-/set-value-3.0.2.tgz",
      "integrity": "sha512-npjkVoz+ank0zjlV9F47Fdbjfj/PfXyVhZvGALWsyIYU/qrMzpi6avjKW3/7KeSU2Df3I46BrN1xOI1+6vW0hA==",
      "dependencies": {
        "is-plain-object": "^2.0.4"
      },
      "engines": {
        "node": ">=6.0"
      }
    },
    "node_modules/tslib": {
      "version": "1.14.1",
      "resolved": "https://registry.npmjs.org/tslib/-/tslib-1.14.1.tgz",
      "integrity": "sha512-Xni35NKzjgMrwevysHTCArtLDpPvye8zV/0E4EyYn43P7/7qvQwPh9BGkHewbMulVntbigmcT7rdX3BNo9wRJg=="
    },
    "node_modules/uuid": {
      "version": "8.3.2",
      "resolved": "https://registry.npmjs.org/uuid/-/uuid-8.3.2.tgz",
      "integrity": "sha512-+NYs2QeMWy+GWFOEm9xnn6HCDp0l7QBD7ml8zLUmJ+93Q5NF0NocErnwkTkXVFNiX3/fpC6afS8Dhb/gz7R7eg==",
      "bin": {
        "uuid": "dist/bin/uuid"
      }
    },
    "node_modules/yaml": {
      "version": "1.10.2",
      "resolved": "https://registry.npmjs.org/yaml/-/yaml-1.10.2.tgz",
      "integrity": "sha512-r3vXyErRCYJ7wg28yvBY5VSoAF8ZvlcW9/BwUzEtUsjvX/DKs24dIkuwjtuprwJJHsbyUbLApepYTR1BN4uHrg==",
      "engines": {
        "node": ">= 6"
      }
    }
  },
  "dependencies": {
    "@types/markdown-escape": {
      "version": "1.1.0",
      "resolved": "https://registry.npmjs.org/@types/markdown-escape/-/markdown-escape-1.1.0.tgz",
      "integrity": "sha512-bJZh73L6fSt8MmTON/btR8hiKRipoIoPfLO41lxr6l65QXdG1rwUjR8Hu5xU7XYHBwKHiJZ+sTQ8L2TKkQrBpw==",
      "dev": true
    },
    "@types/node": {
      "version": "16.11.11",
      "resolved": "https://registry.npmjs.org/@types/node/-/node-16.11.11.tgz",
      "integrity": "sha512-KB0sixD67CeecHC33MYn+eYARkqTheIRNuu97y2XMjR7Wu3XibO1vaY6VBV6O/a89SPI81cEUIYT87UqUWlZNw=="
    },
    "axios": {
      "version": "0.24.0",
      "resolved": "https://registry.npmjs.org/axios/-/axios-0.24.0.tgz",
      "integrity": "sha512-Q6cWsys88HoPgAaFAVUb0WpPk0O8iTeisR9IMqy9G8AbO4NlpVknrnQS03zzF9PGAWgO3cgletO3VjV/P7VztA==",
      "requires": {
        "follow-redirects": "^1.14.4"
      }
    },
    "data-store": {
      "version": "4.0.3",
      "resolved": "https://registry.npmjs.org/data-store/-/data-store-4.0.3.tgz",
      "integrity": "sha512-AhPSqGVCSrFgi1PtkOLxYRrVhzbsma/drtxNkwTrT2q+LpLTG3AhOW74O/IMRy1cWftBx93SuLLKF19YsKkUMg==",
      "requires": {
        "get-value": "^3.0.1",
        "set-value": "^3.0.1"
      }
    },
    "follow-redirects": {
      "version": "1.14.5",
      "resolved": "https://registry.npmjs.org/follow-redirects/-/follow-redirects-1.14.5.tgz",
      "integrity": "sha512-wtphSXy7d4/OR+MvIFbCVBDzZ5520qV8XfPklSN5QtxuMUJZ+b0Wnst1e1lCDocfzuCkHqj8k0FpZqO+UIaKNA=="
    },
    "fs": {
      "version": "0.0.1-security",
      "resolved": "https://registry.npmjs.org/fs/-/fs-0.0.1-security.tgz",
      "integrity": "sha1-invTcYa23d84E/I4WLV+yq9eQdQ="
    },
    "get-value": {
      "version": "3.0.1",
      "resolved": "https://registry.npmjs.org/get-value/-/get-value-3.0.1.tgz",
      "integrity": "sha512-mKZj9JLQrwMBtj5wxi6MH8Z5eSKaERpAwjg43dPtlGI1ZVEgH/qC7T8/6R2OBSUA+zzHBZgICsVJaEIV2tKTDA==",
      "requires": {
        "isobject": "^3.0.1"
      }
    },
    "is-plain-object": {
      "version": "2.0.4",
      "resolved": "https://registry.npmjs.org/is-plain-object/-/is-plain-object-2.0.4.tgz",
      "integrity": "sha512-h5PpgXkWitc38BBMYawTYMWJHFZJVnBquFE57xFpjB8pJFiF6gZ+bU+WyI/yqXiFR5mdLsgYNaPe8uao6Uv9Og==",
      "requires": {
        "isobject": "^3.0.1"
      }
    },
    "isobject": {
      "version": "3.0.1",
      "resolved": "https://registry.npmjs.org/isobject/-/isobject-3.0.1.tgz",
      "integrity": "sha1-TkMekrEalzFjaqH5yNHMvP2reN8="
    },
    "luxon": {
      "version": "1.28.0",
      "resolved": "https://registry.npmjs.org/luxon/-/luxon-1.28.0.tgz",
      "integrity": "sha512-TfTiyvZhwBYM/7QdAVDh+7dBTBA29v4ik0Ce9zda3Mnf8on1S5KJI8P2jKFZ8+5C0jhmr0KwJEO/Wdpm0VeWJQ==",
      "optional": true
    },
    "markdown-escape": {
      "version": "1.1.0",
      "resolved": "https://registry.npmjs.org/markdown-escape/-/markdown-escape-1.1.0.tgz",
      "integrity": "sha512-f1+ARFbzLrBdC0Lj30uREn+zthrK/h1PO5UhN5IMDQvI2lSFn+8U06a5LHaxxYMhHD0mJoJ2BROJ/Sju5aw6+g=="
    },
    "moment": {
      "version": "2.29.1",
      "resolved": "https://registry.npmjs.org/moment/-/moment-2.29.1.tgz",
      "integrity": "sha512-kHmoybcPV8Sqy59DwNDY3Jefr64lK/by/da0ViFcuA4DH0vQg5Q6Ze5VimxkfQNSC+Mls/Kx53s7TjP1RhFEDQ=="
    },
    "moment-timezone": {
      "version": "0.5.34",
      "resolved": "https://registry.npmjs.org/moment-timezone/-/moment-timezone-0.5.34.tgz",
      "integrity": "sha512-3zAEHh2hKUs3EXLESx/wsgw6IQdusOT8Bxm3D9UrHPQR7zlMmzwybC8zHEM1tQ4LJwP7fcxrWr8tuBg05fFCbg==",
      "requires": {
        "moment": ">= 2.9.0"
      }
    },
    "node-ical": {
      "version": "0.14.1",
      "resolved": "https://registry.npmjs.org/node-ical/-/node-ical-0.14.1.tgz",
      "integrity": "sha512-EUlbAWK0iaKFqimtGCyKOnldtvBNyzLqk9NCTAO6TiVby8vsEcAOlIrkUjZKM0Wrvh3YBCbeWbW+xA2cw5BdDw==",
      "requires": {
        "axios": "^0.24.0",
        "moment-timezone": "^0.5.31",
        "rrule": "2.6.4",
        "uuid": "^8.3.1"
      }
    },
    "rrule": {
      "version": "2.6.4",
      "resolved": "https://registry.npmjs.org/rrule/-/rrule-2.6.4.tgz",
      "integrity": "sha512-sLdnh4lmjUqq8liFiOUXD5kWp/FcnbDLPwq5YAc/RrN6120XOPb86Ae5zxF7ttBVq8O3LxjjORMEit1baluahA==",
      "requires": {
        "luxon": "^1.21.3",
        "tslib": "^1.10.0"
      }
    },
    "set-value": {
      "version": "3.0.2",
      "resolved": "https://registry.npmjs.org/set-value/-/set-value-3.0.2.tgz",
      "integrity": "sha512-npjkVoz+ank0zjlV9F47Fdbjfj/PfXyVhZvGALWsyIYU/qrMzpi6avjKW3/7KeSU2Df3I46BrN1xOI1+6vW0hA==",
      "requires": {
        "is-plain-object": "^2.0.4"
      }
    },
    "tslib": {
      "version": "1.14.1",
      "resolved": "https://registry.npmjs.org/tslib/-/tslib-1.14.1.tgz",
      "integrity": "sha512-Xni35NKzjgMrwevysHTCArtLDpPvye8zV/0E4EyYn43P7/7qvQwPh9BGkHewbMulVntbigmcT7rdX3BNo9wRJg=="
    },
    "uuid": {
      "version": "8.3.2",
      "resolved": "https://registry.npmjs.org/uuid/-/uuid-8.3.2.tgz",
      "integrity": "sha512-+NYs2QeMWy+GWFOEm9xnn6HCDp0l7QBD7ml8zLUmJ+93Q5NF0NocErnwkTkXVFNiX3/fpC6afS8Dhb/gz7R7eg=="
    },
    "yaml": {
      "version": "1.10.2",
      "resolved": "https://registry.npmjs.org/yaml/-/yaml-1.10.2.tgz",
      "integrity": "sha512-r3vXyErRCYJ7wg28yvBY5VSoAF8ZvlcW9/BwUzEtUsjvX/DKs24dIkuwjtuprwJJHsbyUbLApepYTR1BN4uHrg=="
    }
  }
}
